// !$*UTF8*$!
{
	archiveVersion = 1;
	classes = {
	};
	objectVersion = 46;
	objects = {

/* Begin PBXBuildFile section */
		206EB1671F6234090016B0BA /* receiptPDF.pdf in Resources */ = {isa = PBXBuildFile; fileRef = 206EB1661F6234090016B0BA /* receiptPDF.pdf */; };
		EB03CDE41D1BA2ED006F7AB0 /* main.m in Sources */ = {isa = PBXBuildFile; fileRef = EB03CDE31D1BA2ED006F7AB0 /* main.m */; };
		EB03CDE71D1BA2ED006F7AB0 /* AppDelegate.m in Sources */ = {isa = PBXBuildFile; fileRef = EB03CDE61D1BA2ED006F7AB0 /* AppDelegate.m */; };
		EB03CDEA1D1BA2ED006F7AB0 /* ViewController.m in Sources */ = {isa = PBXBuildFile; fileRef = EB03CDE91D1BA2ED006F7AB0 /* ViewController.m */; };
		EB03CDED1D1BA2ED006F7AB0 /* Main.storyboard in Resources */ = {isa = PBXBuildFile; fileRef = EB03CDEB1D1BA2ED006F7AB0 /* Main.storyboard */; };
		EB03CDEF1D1BA2ED006F7AB0 /* Assets.xcassets in Resources */ = {isa = PBXBuildFile; fileRef = EB03CDEE1D1BA2ED006F7AB0 /* Assets.xcassets */; };
		EB03CDF21D1BA2ED006F7AB0 /* LaunchScreen.storyboard in Resources */ = {isa = PBXBuildFile; fileRef = EB03CDF01D1BA2ED006F7AB0 /* LaunchScreen.storyboard */; };
		EB03CDFD1D1BA2EE006F7AB0 /* PassPRNT_SDK_ObjCTests.m in Sources */ = {isa = PBXBuildFile; fileRef = EB03CDFC1D1BA2EE006F7AB0 /* PassPRNT_SDK_ObjCTests.m */; };
		EB03CE081D1BA2EE006F7AB0 /* PassPRNT_SDK_ObjCUITests.m in Sources */ = {isa = PBXBuildFile; fileRef = EB03CE071D1BA2EE006F7AB0 /* PassPRNT_SDK_ObjCUITests.m */; };
		EB03CE181D1BBFF3006F7AB0 /* DetailTableViewController.m in Sources */ = {isa = PBXBuildFile; fileRef = EB03CE171D1BBFF3006F7AB0 /* DetailTableViewController.m */; };
		EB18E4441DE290B500608C98 /* font_ML.html in Resources */ = {isa = PBXBuildFile; fileRef = EB18E4431DE290B500608C98 /* font_ML.html */; };
		EB8D49A31D2B8B0200ACFD56 /* index.html in Resources */ = {isa = PBXBuildFile; fileRef = EB8D49991D2B8B0200ACFD56 /* index.html */; };
/* End PBXBuildFile section */

/* Begin PBXContainerItemProxy section */
		EB03CDF91D1BA2EE006F7AB0 /* PBXContainerItemProxy */ = {
			isa = PBXContainerItemProxy;
			containerPortal = EB03CDD71D1BA2ED006F7AB0 /* Project object */;
			proxyType = 1;
			remoteGlobalIDString = EB03CDDE1D1BA2ED006F7AB0;
			remoteInfo = PassPRNT_SDK_ObjC;
		};
		EB03CE041D1BA2EE006F7AB0 /* PBXContainerItemProxy */ = {
			isa = PBXContainerItemProxy;
			containerPortal = EB03CDD71D1BA2ED006F7AB0 /* Project object */;
			proxyType = 1;
			remoteGlobalIDString = EB03CDDE1D1BA2ED006F7AB0;
			remoteInfo = PassPRNT_SDK_ObjC;
		};
/* End PBXContainerItemProxy section */

/* Begin PBXFileReference section */
		206EB1661F6234090016B0BA /* receiptPDF.pdf */ = {isa = PBXFileReference; lastKnownFileType = image.pdf; path = receiptPDF.pdf; sourceTree = "<group>"; };
		EB03CDDF1D1BA2ED006F7AB0 /* PassPRNT_SDK_ObjC.app */ = {isa = PBXFileReference; explicitFileType = wrapper.application; includeInIndex = 0; path = PassPRNT_SDK_ObjC.app; sourceTree = BUILT_PRODUCTS_DIR; };
		EB03CDE31D1BA2ED006F7AB0 /* main.m */ = {isa = PBXFileReference; lastKnownFileType = sourcecode.c.objc; path = main.m; sourceTree = "<group>"; };
		EB03CDE51D1BA2ED006F7AB0 /* AppDelegate.h */ = {isa = PBXFileReference; lastKnownFileType = sourcecode.c.h; path = AppDelegate.h; sourceTree = "<group>"; };
		EB03CDE61D1BA2ED006F7AB0 /* AppDelegate.m */ = {isa = PBXFileReference; lastKnownFileType = sourcecode.c.objc; path = AppDelegate.m; sourceTree = "<group>"; };
		EB03CDE81D1BA2ED006F7AB0 /* ViewController.h */ = {isa = PBXFileReference; lastKnownFileType = sourcecode.c.h; path = ViewController.h; sourceTree = "<group>"; };
		EB03CDE91D1BA2ED006F7AB0 /* ViewController.m */ = {isa = PBXFileReference; lastKnownFileType = sourcecode.c.objc; path = ViewController.m; sourceTree = "<group>"; };
		EB03CDEC1D1BA2ED006F7AB0 /* Base */ = {isa = PBXFileReference; lastKnownFileType = file.storyboard; name = Base; path = Base.lproj/Main.storyboard; sourceTree = "<group>"; };
		EB03CDEE1D1BA2ED006F7AB0 /* Assets.xcassets */ = {isa = PBXFileReference; lastKnownFileType = folder.assetcatalog; path = Assets.xcassets; sourceTree = "<group>"; };
		EB03CDF11D1BA2ED006F7AB0 /* Base */ = {isa = PBXFileReference; lastKnownFileType = file.storyboard; name = Base; path = Base.lproj/LaunchScreen.storyboard; sourceTree = "<group>"; };
		EB03CDF31D1BA2ED006F7AB0 /* Info.plist */ = {isa = PBXFileReference; lastKnownFileType = text.plist.xml; path = Info.plist; sourceTree = "<group>"; };
		EB03CDF81D1BA2EE006F7AB0 /* PassPRNT_SDK_ObjCTests.xctest */ = {isa = PBXFileReference; explicitFileType = wrapper.cfbundle; includeInIndex = 0; path = PassPRNT_SDK_ObjCTests.xctest; sourceTree = BUILT_PRODUCTS_DIR; };
		EB03CDFC1D1BA2EE006F7AB0 /* PassPRNT_SDK_ObjCTests.m */ = {isa = PBXFileReference; lastKnownFileType = sourcecode.c.objc; path = PassPRNT_SDK_ObjCTests.m; sourceTree = "<group>"; };
		EB03CDFE1D1BA2EE006F7AB0 /* Info.plist */ = {isa = PBXFileReference; lastKnownFileType = text.plist.xml; path = Info.plist; sourceTree = "<group>"; };
		EB03CE031D1BA2EE006F7AB0 /* PassPRNT_SDK_ObjCUITests.xctest */ = {isa = PBXFileReference; explicitFileType = wrapper.cfbundle; includeInIndex = 0; path = PassPRNT_SDK_ObjCUITests.xctest; sourceTree = BUILT_PRODUCTS_DIR; };
		EB03CE071D1BA2EE006F7AB0 /* PassPRNT_SDK_ObjCUITests.m */ = {isa = PBXFileReference; lastKnownFileType = sourcecode.c.objc; path = PassPRNT_SDK_ObjCUITests.m; sourceTree = "<group>"; };
		EB03CE091D1BA2EE006F7AB0 /* Info.plist */ = {isa = PBXFileReference; lastKnownFileType = text.plist.xml; path = Info.plist; sourceTree = "<group>"; };
		EB03CE161D1BBFF3006F7AB0 /* DetailTableViewController.h */ = {isa = PBXFileReference; fileEncoding = 4; lastKnownFileType = sourcecode.c.h; path = DetailTableViewController.h; sourceTree = "<group>"; };
		EB03CE171D1BBFF3006F7AB0 /* DetailTableViewController.m */ = {isa = PBXFileReference; fileEncoding = 4; lastKnownFileType = sourcecode.c.objc; path = DetailTableViewController.m; sourceTree = "<group>"; };
		EB18E4431DE290B500608C98 /* font_ML.html */ = {isa = PBXFileReference; fileEncoding = 4; lastKnownFileType = text.html; path = font_ML.html; sourceTree = "<group>"; };
		EB8D49991D2B8B0200ACFD56 /* index.html */ = {isa = PBXFileReference; fileEncoding = 4; lastKnownFileType = text.html; path = index.html; sourceTree = "<group>"; };
/* End PBXFileReference section */

/* Begin PBXFrameworksBuildPhase section */
		EB03CDDC1D1BA2ED006F7AB0 /* Frameworks */ = {
			isa = PBXFrameworksBuildPhase;
			buildActionMask = 2147483647;
			files = (
			);
			runOnlyForDeploymentPostprocessing = 0;
		};
		EB03CDF51D1BA2EE006F7AB0 /* Frameworks */ = {
			isa = PBXFrameworksBuildPhase;
			buildActionMask = 2147483647;
			files = (
			);
			runOnlyForDeploymentPostprocessing = 0;
		};
		EB03CE001D1BA2EE006F7AB0 /* Frameworks */ = {
			isa = PBXFrameworksBuildPhase;
			buildActionMask = 2147483647;
			files = (
			);
			runOnlyForDeploymentPostprocessing = 0;
		};
/* End PBXFrameworksBuildPhase section */

/* Begin PBXGroup section */
		EB03CDD61D1BA2ED006F7AB0 = {
			isa = PBXGroup;
			children = (
				EB03CDE11D1BA2ED006F7AB0 /* PassPRNT_SDK_ObjC */,
				EB8D498F1D2B8A9200ACFD56 /* Resources */,
				EB03CDFB1D1BA2EE006F7AB0 /* PassPRNT_SDK_ObjCTests */,
				EB03CE061D1BA2EE006F7AB0 /* PassPRNT_SDK_ObjCUITests */,
				EB03CDE01D1BA2ED006F7AB0 /* Products */,
			);
			sourceTree = "<group>";
		};
		EB03CDE01D1BA2ED006F7AB0 /* Products */ = {
			isa = PBXGroup;
			children = (
				EB03CDDF1D1BA2ED006F7AB0 /* PassPRNT_SDK_ObjC.app */,
				EB03CDF81D1BA2EE006F7AB0 /* PassPRNT_SDK_ObjCTests.xctest */,
				EB03CE031D1BA2EE006F7AB0 /* PassPRNT_SDK_ObjCUITests.xctest */,
			);
			name = Products;
			sourceTree = "<group>";
		};
		EB03CDE11D1BA2ED006F7AB0 /* PassPRNT_SDK_ObjC */ = {
			isa = PBXGroup;
			children = (
				EB03CDE51D1BA2ED006F7AB0 /* AppDelegate.h */,
				EB03CDE61D1BA2ED006F7AB0 /* AppDelegate.m */,
				EB03CDE81D1BA2ED006F7AB0 /* ViewController.h */,
				EB03CDE91D1BA2ED006F7AB0 /* ViewController.m */,
				EB03CE161D1BBFF3006F7AB0 /* DetailTableViewController.h */,
				EB03CE171D1BBFF3006F7AB0 /* DetailTableViewController.m */,
				EB03CDEB1D1BA2ED006F7AB0 /* Main.storyboard */,
				EB03CDEE1D1BA2ED006F7AB0 /* Assets.xcassets */,
				EB03CDF01D1BA2ED006F7AB0 /* LaunchScreen.storyboard */,
				EB03CDF31D1BA2ED006F7AB0 /* Info.plist */,
				EB03CDE21D1BA2ED006F7AB0 /* Supporting Files */,
			);
			path = PassPRNT_SDK_ObjC;
			sourceTree = "<group>";
		};
		EB03CDE21D1BA2ED006F7AB0 /* Supporting Files */ = {
			isa = PBXGroup;
			children = (
				EB03CDE31D1BA2ED006F7AB0 /* main.m */,
			);
			name = "Supporting Files";
			sourceTree = "<group>";
		};
		EB03CDFB1D1BA2EE006F7AB0 /* PassPRNT_SDK_ObjCTests */ = {
			isa = PBXGroup;
			children = (
				EB03CDFC1D1BA2EE006F7AB0 /* PassPRNT_SDK_ObjCTests.m */,
				EB03CDFE1D1BA2EE006F7AB0 /* Info.plist */,
			);
			path = PassPRNT_SDK_ObjCTests;
			sourceTree = "<group>";
		};
		EB03CE061D1BA2EE006F7AB0 /* PassPRNT_SDK_ObjCUITests */ = {
			isa = PBXGroup;
			children = (
				EB03CE071D1BA2EE006F7AB0 /* PassPRNT_SDK_ObjCUITests.m */,
				EB03CE091D1BA2EE006F7AB0 /* Info.plist */,
			);
			path = PassPRNT_SDK_ObjCUITests;
			sourceTree = "<group>";
		};
		EB8D498F1D2B8A9200ACFD56 /* Resources */ = {
			isa = PBXGroup;
			children = (
				206EB1661F6234090016B0BA /* receiptPDF.pdf */,
				EB8D49991D2B8B0200ACFD56 /* index.html */,
				EB18E4431DE290B500608C98 /* font_ML.html */,
			);
			name = Resources;
			sourceTree = "<group>";
		};
/* End PBXGroup section */

/* Begin PBXNativeTarget section */
		EB03CDDE1D1BA2ED006F7AB0 /* PassPRNT_SDK_ObjC */ = {
			isa = PBXNativeTarget;
			buildConfigurationList = EB03CE0C1D1BA2EE006F7AB0 /* Build configuration list for PBXNativeTarget "PassPRNT_SDK_ObjC" */;
			buildPhases = (
				EB03CDDB1D1BA2ED006F7AB0 /* Sources */,
				EB03CDDC1D1BA2ED006F7AB0 /* Frameworks */,
				EB03CDDD1D1BA2ED006F7AB0 /* Resources */,
			);
			buildRules = (
			);
			dependencies = (
			);
			name = PassPRNT_SDK_ObjC;
			productName = PassPRNT_SDK_ObjC;
			productReference = EB03CDDF1D1BA2ED006F7AB0 /* PassPRNT_SDK_ObjC.app */;
			productType = "com.apple.product-type.application";
		};
		EB03CDF71D1BA2EE006F7AB0 /* PassPRNT_SDK_ObjCTests */ = {
			isa = PBXNativeTarget;
			buildConfigurationList = EB03CE0F1D1BA2EE006F7AB0 /* Build configuration list for PBXNativeTarget "PassPRNT_SDK_ObjCTests" */;
			buildPhases = (
				EB03CDF41D1BA2EE006F7AB0 /* Sources */,
				EB03CDF51D1BA2EE006F7AB0 /* Frameworks */,
				EB03CDF61D1BA2EE006F7AB0 /* Resources */,
			);
			buildRules = (
			);
			dependencies = (
				EB03CDFA1D1BA2EE006F7AB0 /* PBXTargetDependency */,
			);
			name = PassPRNT_SDK_ObjCTests;
			productName = PassPRNT_SDK_ObjCTests;
			productReference = EB03CDF81D1BA2EE006F7AB0 /* PassPRNT_SDK_ObjCTests.xctest */;
			productType = "com.apple.product-type.bundle.unit-test";
		};
		EB03CE021D1BA2EE006F7AB0 /* PassPRNT_SDK_ObjCUITests */ = {
			isa = PBXNativeTarget;
			buildConfigurationList = EB03CE121D1BA2EE006F7AB0 /* Build configuration list for PBXNativeTarget "PassPRNT_SDK_ObjCUITests" */;
			buildPhases = (
				EB03CDFF1D1BA2EE006F7AB0 /* Sources */,
				EB03CE001D1BA2EE006F7AB0 /* Frameworks */,
				EB03CE011D1BA2EE006F7AB0 /* Resources */,
			);
			buildRules = (
			);
			dependencies = (
				EB03CE051D1BA2EE006F7AB0 /* PBXTargetDependency */,
			);
			name = PassPRNT_SDK_ObjCUITests;
			productName = PassPRNT_SDK_ObjCUITests;
			productReference = EB03CE031D1BA2EE006F7AB0 /* PassPRNT_SDK_ObjCUITests.xctest */;
			productType = "com.apple.product-type.bundle.ui-testing";
		};
/* End PBXNativeTarget section */

/* Begin PBXProject section */
		EB03CDD71D1BA2ED006F7AB0 /* Project object */ = {
			isa = PBXProject;
			attributes = {
				LastUpgradeCheck = 1300;
				ORGANIZATIONNAME = "Star Micronics";
				TargetAttributes = {
					EB03CDDE1D1BA2ED006F7AB0 = {
						CreatedOnToolsVersion = 7.3.1;
						DevelopmentTeam = MWPD5A288Z;
						ProvisioningStyle = Automatic;
					};
					EB03CDF71D1BA2EE006F7AB0 = {
						CreatedOnToolsVersion = 7.3.1;
						DevelopmentTeam = MWPD5A288Z;
						TestTargetID = EB03CDDE1D1BA2ED006F7AB0;
					};
					EB03CE021D1BA2EE006F7AB0 = {
						CreatedOnToolsVersion = 7.3.1;
						DevelopmentTeam = MWPD5A288Z;
						TestTargetID = EB03CDDE1D1BA2ED006F7AB0;
					};
				};
			};
			buildConfigurationList = EB03CDDA1D1BA2ED006F7AB0 /* Build configuration list for PBXProject "PassPRNT_SDK_ObjC" */;
			compatibilityVersion = "Xcode 3.2";
			developmentRegion = en;
			hasScannedForEncodings = 0;
			knownRegions = (
				en,
				Base,
			);
			mainGroup = EB03CDD61D1BA2ED006F7AB0;
			productRefGroup = EB03CDE01D1BA2ED006F7AB0 /* Products */;
			projectDirPath = "";
			projectRoot = "";
			targets = (
				EB03CDDE1D1BA2ED006F7AB0 /* PassPRNT_SDK_ObjC */,
				EB03CDF71D1BA2EE006F7AB0 /* PassPRNT_SDK_ObjCTests */,
				EB03CE021D1BA2EE006F7AB0 /* PassPRNT_SDK_ObjCUITests */,
			);
		};
/* End PBXProject section */

/* Begin PBXResourcesBuildPhase section */
		EB03CDDD1D1BA2ED006F7AB0 /* Resources */ = {
			isa = PBXResourcesBuildPhase;
			buildActionMask = 2147483647;
			files = (
				EB8D49A31D2B8B0200ACFD56 /* index.html in Resources */,
				EB03CDF21D1BA2ED006F7AB0 /* LaunchScreen.storyboard in Resources */,
				EB03CDEF1D1BA2ED006F7AB0 /* Assets.xcassets in Resources */,
				EB03CDED1D1BA2ED006F7AB0 /* Main.storyboard in Resources */,
				206EB1671F6234090016B0BA /* receiptPDF.pdf in Resources */,
				EB18E4441DE290B500608C98 /* font_ML.html in Resources */,
			);
			runOnlyForDeploymentPostprocessing = 0;
		};
		EB03CDF61D1BA2EE006F7AB0 /* Resources */ = {
			isa = PBXResourcesBuildPhase;
			buildActionMask = 2147483647;
			files = (
			);
			runOnlyForDeploymentPostprocessing = 0;
		};
		EB03CE011D1BA2EE006F7AB0 /* Resources */ = {
			isa = PBXResourcesBuildPhase;
			buildActionMask = 2147483647;
			files = (
			);
			runOnlyForDeploymentPostprocessing = 0;
		};
/* End PBXResourcesBuildPhase section */

/* Begin PBXSourcesBuildPhase section */
		EB03CDDB1D1BA2ED006F7AB0 /* Sources */ = {
			isa = PBXSourcesBuildPhase;
			buildActionMask = 2147483647;
			files = (
				EB03CE181D1BBFF3006F7AB0 /* DetailTableViewController.m in Sources */,
				EB03CDEA1D1BA2ED006F7AB0 /* ViewController.m in Sources */,
				EB03CDE71D1BA2ED006F7AB0 /* AppDelegate.m in Sources */,
				EB03CDE41D1BA2ED006F7AB0 /* main.m in Sources */,
			);
			runOnlyForDeploymentPostprocessing = 0;
		};
		EB03CDF41D1BA2EE006F7AB0 /* Sources */ = {
			isa = PBXSourcesBuildPhase;
			buildActionMask = 2147483647;
			files = (
				EB03CDFD1D1BA2EE006F7AB0 /* PassPRNT_SDK_ObjCTests.m in Sources */,
			);
			runOnlyForDeploymentPostprocessing = 0;
		};
		EB03CDFF1D1BA2EE006F7AB0 /* Sources */ = {
			isa = PBXSourcesBuildPhase;
			buildActionMask = 2147483647;
			files = (
				EB03CE081D1BA2EE006F7AB0 /* PassPRNT_SDK_ObjCUITests.m in Sources */,
			);
			runOnlyForDeploymentPostprocessing = 0;
		};
/* End PBXSourcesBuildPhase section */

/* Begin PBXTargetDependency section */
		EB03CDFA1D1BA2EE006F7AB0 /* PBXTargetDependency */ = {
			isa = PBXTargetDependency;
			target = EB03CDDE1D1BA2ED006F7AB0 /* PassPRNT_SDK_ObjC */;
			targetProxy = EB03CDF91D1BA2EE006F7AB0 /* PBXContainerItemProxy */;
		};
		EB03CE051D1BA2EE006F7AB0 /* PBXTargetDependency */ = {
			isa = PBXTargetDependency;
			target = EB03CDDE1D1BA2ED006F7AB0 /* PassPRNT_SDK_ObjC */;
			targetProxy = EB03CE041D1BA2EE006F7AB0 /* PBXContainerItemProxy */;
		};
/* End PBXTargetDependency section */

/* Begin PBXVariantGroup section */
		EB03CDEB1D1BA2ED006F7AB0 /* Main.storyboard */ = {
			isa = PBXVariantGroup;
			children = (
				EB03CDEC1D1BA2ED006F7AB0 /* Base */,
			);
			name = Main.storyboard;
			sourceTree = "<group>";
		};
		EB03CDF01D1BA2ED006F7AB0 /* LaunchScreen.storyboard */ = {
			isa = PBXVariantGroup;
			children = (
				EB03CDF11D1BA2ED006F7AB0 /* Base */,
			);
			name = LaunchScreen.storyboard;
			sourceTree = "<group>";
		};
/* End PBXVariantGroup section */

/* Begin XCBuildConfiguration section */
		EB03CE0A1D1BA2EE006F7AB0 /* Debug */ = {
			isa = XCBuildConfiguration;
			buildSettings = {
				ALWAYS_SEARCH_USER_PATHS = NO;
				CLANG_ANALYZER_LOCALIZABILITY_NONLOCALIZED = YES;
				CLANG_ANALYZER_NONNULL = YES;
				CLANG_CXX_LANGUAGE_STANDARD = "gnu++0x";
				CLANG_CXX_LIBRARY = "libc++";
				CLANG_ENABLE_MODULES = YES;
				CLANG_ENABLE_OBJC_ARC = YES;
				CLANG_WARN_BLOCK_CAPTURE_AUTORELEASING = YES;
				CLANG_WARN_BOOL_CONVERSION = YES;
				CLANG_WARN_COMMA = YES;
				CLANG_WARN_CONSTANT_CONVERSION = YES;
				CLANG_WARN_DEPRECATED_OBJC_IMPLEMENTATIONS = YES;
				CLANG_WARN_DIRECT_OBJC_ISA_USAGE = YES_ERROR;
				CLANG_WARN_EMPTY_BODY = YES;
				CLANG_WARN_ENUM_CONVERSION = YES;
				CLANG_WARN_INFINITE_RECURSION = YES;
				CLANG_WARN_INT_CONVERSION = YES;
				CLANG_WARN_NON_LITERAL_NULL_CONVERSION = YES;
				CLANG_WARN_OBJC_IMPLICIT_RETAIN_SELF = YES;
				CLANG_WARN_OBJC_LITERAL_CONVERSION = YES;
				CLANG_WARN_OBJC_ROOT_CLASS = YES_ERROR;
				CLANG_WARN_QUOTED_INCLUDE_IN_FRAMEWORK_HEADER = YES;
				CLANG_WARN_RANGE_LOOP_ANALYSIS = YES;
				CLANG_WARN_STRICT_PROTOTYPES = YES;
				CLANG_WARN_SUSPICIOUS_MOVE = YES;
				CLANG_WARN_UNREACHABLE_CODE = YES;
				CLANG_WARN__DUPLICATE_METHOD_MATCH = YES;
				CODE_SIGN_IDENTITY = "iPhone Developer";
				"CODE_SIGN_IDENTITY[sdk=iphoneos*]" = "iPhone Developer";
				COPY_PHASE_STRIP = NO;
				DEBUG_INFORMATION_FORMAT = dwarf;
				DEVELOPMENT_TEAM = "";
				ENABLE_STRICT_OBJC_MSGSEND = YES;
				ENABLE_TESTABILITY = YES;
				GCC_C_LANGUAGE_STANDARD = gnu99;
				GCC_DYNAMIC_NO_PIC = NO;
				GCC_NO_COMMON_BLOCKS = YES;
				GCC_OPTIMIZATION_LEVEL = 0;
				GCC_PREPROCESSOR_DEFINITIONS = (
					"DEBUG=1",
					"$(inherited)",
				);
				GCC_WARN_64_TO_32_BIT_CONVERSION = YES;
				GCC_WARN_ABOUT_RETURN_TYPE = YES_ERROR;
				GCC_WARN_UNDECLARED_SELECTOR = YES;
				GCC_WARN_UNINITIALIZED_AUTOS = YES_AGGRESSIVE;
				GCC_WARN_UNUSED_FUNCTION = YES;
				GCC_WARN_UNUSED_VARIABLE = YES;
				IPHONEOS_DEPLOYMENT_TARGET = 13.0;
				MTL_ENABLE_DEBUG_INFO = YES;
				ONLY_ACTIVE_ARCH = YES;
				SDKROOT = iphoneos;
				TARGETED_DEVICE_FAMILY = "1,2";
			};
			name = Debug;
		};
		EB03CE0B1D1BA2EE006F7AB0 /* Release */ = {
			isa = XCBuildConfiguration;
			buildSettings = {
				ALWAYS_SEARCH_USER_PATHS = NO;
				CLANG_ANALYZER_LOCALIZABILITY_NONLOCALIZED = YES;
				CLANG_ANALYZER_NONNULL = YES;
				CLANG_CXX_LANGUAGE_STANDARD = "gnu++0x";
				CLANG_CXX_LIBRARY = "libc++";
				CLANG_ENABLE_MODULES = YES;
				CLANG_ENABLE_OBJC_ARC = YES;
				CLANG_WARN_BLOCK_CAPTURE_AUTORELEASING = YES;
				CLANG_WARN_BOOL_CONVERSION = YES;
				CLANG_WARN_COMMA = YES;
				CLANG_WARN_CONSTANT_CONVERSION = YES;
				CLANG_WARN_DEPRECATED_OBJC_IMPLEMENTATIONS = YES;
				CLANG_WARN_DIRECT_OBJC_ISA_USAGE = YES_ERROR;
				CLANG_WARN_EMPTY_BODY = YES;
				CLANG_WARN_ENUM_CONVERSION = YES;
				CLANG_WARN_INFINITE_RECURSION = YES;
				CLANG_WARN_INT_CONVERSION = YES;
				CLANG_WARN_NON_LITERAL_NULL_CONVERSION = YES;
				CLANG_WARN_OBJC_IMPLICIT_RETAIN_SELF = YES;
				CLANG_WARN_OBJC_LITERAL_CONVERSION = YES;
				CLANG_WARN_OBJC_ROOT_CLASS = YES_ERROR;
				CLANG_WARN_QUOTED_INCLUDE_IN_FRAMEWORK_HEADER = YES;
				CLANG_WARN_RANGE_LOOP_ANALYSIS = YES;
				CLANG_WARN_STRICT_PROTOTYPES = YES;
				CLANG_WARN_SUSPICIOUS_MOVE = YES;
				CLANG_WARN_UNREACHABLE_CODE = YES;
				CLANG_WARN__DUPLICATE_METHOD_MATCH = YES;
				CODE_SIGN_IDENTITY = "iPhone Developer";
				"CODE_SIGN_IDENTITY[sdk=iphoneos*]" = "iPhone Developer";
				COPY_PHASE_STRIP = NO;
				DEBUG_INFORMATION_FORMAT = "dwarf-with-dsym";
				DEVELOPMENT_TEAM = "";
				ENABLE_NS_ASSERTIONS = NO;
				ENABLE_STRICT_OBJC_MSGSEND = YES;
				GCC_C_LANGUAGE_STANDARD = gnu99;
				GCC_NO_COMMON_BLOCKS = YES;
				GCC_WARN_64_TO_32_BIT_CONVERSION = YES;
				GCC_WARN_ABOUT_RETURN_TYPE = YES_ERROR;
				GCC_WARN_UNDECLARED_SELECTOR = YES;
				GCC_WARN_UNINITIALIZED_AUTOS = YES_AGGRESSIVE;
				GCC_WARN_UNUSED_FUNCTION = YES;
				GCC_WARN_UNUSED_VARIABLE = YES;
				IPHONEOS_DEPLOYMENT_TARGET = 13.0;
				MTL_ENABLE_DEBUG_INFO = NO;
				SDKROOT = iphoneos;
				TARGETED_DEVICE_FAMILY = "1,2";
				VALIDATE_PRODUCT = YES;
			};
			name = Release;
		};
		EB03CE0D1D1BA2EE006F7AB0 /* Debug */ = {
			isa = XCBuildConfiguration;
			buildSettings = {
				ASSETCATALOG_COMPILER_APPICON_NAME = AppIcon;
				CODE_SIGN_IDENTITY = "iPhone Developer";
				"CODE_SIGN_IDENTITY[sdk=iphoneos*]" = "iPhone Developer";
				DEVELOPMENT_TEAM = MWPD5A288Z;
				INFOPLIST_FILE = PassPRNT_SDK_ObjC/Info.plist;
				IPHONEOS_DEPLOYMENT_TARGET = 13.0;
				LD_RUNPATH_SEARCH_PATHS = "$(inherited) @executable_path/Frameworks";
				MARKETING_VERSION = 2.5.0;
				PRODUCT_BUNDLE_IDENTIFIER = "jp.star-m.PassPRNT-SDK-ObjC";
				PRODUCT_NAME = "$(TARGET_NAME)";
			};
			name = Debug;
		};
		EB03CE0E1D1BA2EE006F7AB0 /* Release */ = {
			isa = XCBuildConfiguration;
			buildSettings = {
				ASSETCATALOG_COMPILER_APPICON_NAME = AppIcon;
				CODE_SIGN_IDENTITY = "iPhone Developer";
				"CODE_SIGN_IDENTITY[sdk=iphoneos*]" = "iPhone Developer";
				DEVELOPMENT_TEAM = MWPD5A288Z;
				INFOPLIST_FILE = PassPRNT_SDK_ObjC/Info.plist;
				IPHONEOS_DEPLOYMENT_TARGET = 13.0;
				LD_RUNPATH_SEARCH_PATHS = "$(inherited) @executable_path/Frameworks";
				MARKETING_VERSION = 2.5.0;
				PRODUCT_BUNDLE_IDENTIFIER = "jp.star-m.PassPRNT-SDK-ObjC";
				PRODUCT_NAME = "$(TARGET_NAME)";
			};
			name = Release;
		};
		EB03CE101D1BA2EE006F7AB0 /* Debug */ = {
			isa = XCBuildConfiguration;
			buildSettings = {
				BUNDLE_LOADER = "$(TEST_HOST)";
				INFOPLIST_FILE = PassPRNT_SDK_ObjCTests/Info.plist;
				LD_RUNPATH_SEARCH_PATHS = "$(inherited) @executable_path/Frameworks @loader_path/Frameworks";
				PRODUCT_BUNDLE_IDENTIFIER = "jp.star-m.PassPRNT-SDK-ObjCTests";
				PRODUCT_NAME = "$(TARGET_NAME)";
				TEST_HOST = "$(BUILT_PRODUCTS_DIR)/PassPRNT_SDK_ObjC.app/PassPRNT_SDK_ObjC";
			};
			name = Debug;
		};
		EB03CE111D1BA2EE006F7AB0 /* Release */ = {
			isa = XCBuildConfiguration;
			buildSettings = {
				BUNDLE_LOADER = "$(TEST_HOST)";
				INFOPLIST_FILE = PassPRNT_SDK_ObjCTests/Info.plist;
				LD_RUNPATH_SEARCH_PATHS = "$(inherited) @executable_path/Frameworks @loader_path/Frameworks";
				PRODUCT_BUNDLE_IDENTIFIER = "jp.star-m.PassPRNT-SDK-ObjCTests";
				PRODUCT_NAME = "$(TARGET_NAME)";
				TEST_HOST = "$(BUILT_PRODUCTS_DIR)/PassPRNT_SDK_ObjC.app/PassPRNT_SDK_ObjC";
			};
			name = Release;
		};
		EB03CE131D1BA2EE006F7AB0 /* Debug */ = {
			isa = XCBuildConfiguration;
			buildSettings = {
				INFOPLIST_FILE = PassPRNT_SDK_ObjCUITests/Info.plist;
				LD_RUNPATH_SEARCH_PATHS = "$(inherited) @executable_path/Frameworks @loader_path/Frameworks";
				PRODUCT_BUNDLE_IDENTIFIER = "jp.star-m.PassPRNT-SDK-ObjCUITests";
				PRODUCT_NAME = "$(TARGET_NAME)";
				TEST_TARGET_NAME = PassPRNT_SDK_ObjC;
			};
			name = Debug;
		};
		EB03CE141D1BA2EE006F7AB0 /* Release */ = {
			isa = XCBuildConfiguration;
			buildSettings = {
				INFOPLIST_FILE = PassPRNT_SDK_ObjCUITests/Info.plist;
				LD_RUNPATH_SEARCH_PATHS = "$(inherited) @executable_path/Frameworks @loader_path/Frameworks";
				PRODUCT_BUNDLE_IDENTIFIER = "jp.star-m.PassPRNT-SDK-ObjCUITests";
				PRODUCT_NAME = "$(TARGET_NAME)";
				TEST_TARGET_NAME = PassPRNT_SDK_ObjC;
			};
			name = Release;
		};
/* End XCBuildConfiguration section */

/* Begin XCConfigurationList section */
		EB03CDDA1D1BA2ED006F7AB0 /* Build configuration list for PBXProject "PassPRNT_SDK_ObjC" */ = {
			isa = XCConfigurationList;
			buildConfigurations = (
				EB03CE0A1D1BA2EE006F7AB0 /* Debug */,
				EB03CE0B1D1BA2EE006F7AB0 /* Release */,
			);
			defaultConfigurationIsVisible = 0;
			defaultConfigurationName = Release;
		};
		EB03CE0C1D1BA2EE006F7AB0 /* Build configuration list for PBXNativeTarget "PassPRNT_SDK_ObjC" */ = {
			isa = XCConfigurationList;
			buildConfigurations = (
				EB03CE0D1D1BA2EE006F7AB0 /* Debug */,
				EB03CE0E1D1BA2EE006F7AB0 /* Release */,
			);
			defaultConfigurationIsVisible = 0;
			defaultConfigurationName = Release;
		};
		EB03CE0F1D1BA2EE006F7AB0 /* Build configuration list for PBXNativeTarget "PassPRNT_SDK_ObjCTests" */ = {
			isa = XCConfigurationList;
			buildConfigurations = (
				EB03CE101D1BA2EE006F7AB0 /* Debug */,
				EB03CE111D1BA2EE006F7AB0 /* Release */,
			);
			defaultConfigurationIsVisible = 0;
			defaultConfigurationName = Release;
		};
		EB03CE121D1BA2EE006F7AB0 /* Build configuration list for PBXNativeTarget "PassPRNT_SDK_ObjCUITests" */ = {
			isa = XCConfigurationList;
			buildConfigurations = (
				EB03CE131D1BA2EE006F7AB0 /* Debug */,
				EB03CE141D1BA2EE006F7AB0 /* Release */,
			);
			defaultConfigurationIsVisible = 0;
			defaultConfigurationName = Release;
		};
/* End XCConfigurationList section */
	};
	rootObject = EB03CDD71D1BA2ED006F7AB0 /* Project object */;
}
